// !$*UTF8*$!
{
	archiveVersion = 1;
	classes = {
	};
	objectVersion = 56;
	objects = {

/* Begin PBXBuildFile section */
		2C416CBA29FD89A2008BE2A4 /* Hackathon_iOS_2023App.swift in Sources */ = {isa = PBXBuildFile; fileRef = 2C416CB929FD89A2008BE2A4 /* Hackathon_iOS_2023App.swift */; };
		2C416CBC29FD89A2008BE2A4 /* ContentView.swift in Sources */ = {isa = PBXBuildFile; fileRef = 2C416CBB29FD89A2008BE2A4 /* ContentView.swift */; };
		2C416CBE29FD89A3008BE2A4 /* Assets.xcassets in Resources */ = {isa = PBXBuildFile; fileRef = 2C416CBD29FD89A3008BE2A4 /* Assets.xcassets */; };
		2C416CC129FD89A3008BE2A4 /* Preview Assets.xcassets in Resources */ = {isa = PBXBuildFile; fileRef = 2C416CC029FD89A3008BE2A4 /* Preview Assets.xcassets */; };
		2C416CC829FDAD11008BE2A4 /* MapTestView.swift in Sources */ = {isa = PBXBuildFile; fileRef = 2C416CC729FDAD11008BE2A4 /* MapTestView.swift */; };
		2C416CCA29FDB40F008BE2A4 /* TextToSpeechTestView.swift in Sources */ = {isa = PBXBuildFile; fileRef = 2C416CC929FDB40F008BE2A4 /* TextToSpeechTestView.swift */; };
		2C8A82E429FDD43600C33815 /* RouteView.swift in Sources */ = {isa = PBXBuildFile; fileRef = 2C8A82E329FDD43600C33815 /* RouteView.swift */; };
		2C8A82E629FDDB2800C33815 /* MainView.swift in Sources */ = {isa = PBXBuildFile; fileRef = 2C8A82E529FDDB2800C33815 /* MainView.swift */; };
		2C8A82E929FDF52500C33815 /* TripsView.swift in Sources */ = {isa = PBXBuildFile; fileRef = 2C8A82E829FDF52500C33815 /* TripsView.swift */; };
		2C8A82EB29FE00A000C33815 /* TripDetailsView.swift in Sources */ = {isa = PBXBuildFile; fileRef = 2C8A82EA29FE00A000C33815 /* TripDetailsView.swift */; };
		2C8A82EE29FE39CB00C33815 /* RouteAlertView.swift in Sources */ = {isa = PBXBuildFile; fileRef = 2C8A82ED29FE39CB00C33815 /* RouteAlertView.swift */; };
		2C8A82F329FE3A1500C33815 /* Route.swift in Sources */ = {isa = PBXBuildFile; fileRef = 2C8A82F229FE3A1500C33815 /* Route.swift */; };
		2C8A82F529FE3C2000C33815 /* ManagerMainView.swift in Sources */ = {isa = PBXBuildFile; fileRef = 2C8A82F429FE3C2000C33815 /* ManagerMainView.swift */; };
		2C8A82F829FE3DEC00C33815 /* RedButton.swift in Sources */ = {isa = PBXBuildFile; fileRef = 2C8A82F729FE3DEC00C33815 /* RedButton.swift */; };
		2C8A82FB29FE59CD00C33815 /* PrincipalConductor.swift in Sources */ = {isa = PBXBuildFile; fileRef = 2C8A82FA29FE59CD00C33815 /* PrincipalConductor.swift */; };
		2C8A82FD29FE59F500C33815 /* ProximaParada.swift in Sources */ = {isa = PBXBuildFile; fileRef = 2C8A82FC29FE59F500C33815 /* ProximaParada.swift */; };
		2C8A82FF29FEB6D400C33815 /* LoginView.swift in Sources */ = {isa = PBXBuildFile; fileRef = 2C8A82FE29FEB6D400C33815 /* LoginView.swift */; };
		2C8A830329FEF4D900C33815 /* Network.swift in Sources */ = {isa = PBXBuildFile; fileRef = 2C8A830229FEF4D900C33815 /* Network.swift */; };
/* End PBXBuildFile section */

/* Begin PBXFileReference section */
		2C416CB629FD89A2008BE2A4 /* Hackathon-iOS-2023.app */ = {isa = PBXFileReference; explicitFileType = wrapper.application; includeInIndex = 0; path = "Hackathon-iOS-2023.app"; sourceTree = BUILT_PRODUCTS_DIR; };
		2C416CB929FD89A2008BE2A4 /* Hackathon_iOS_2023App.swift */ = {isa = PBXFileReference; lastKnownFileType = sourcecode.swift; path = Hackathon_iOS_2023App.swift; sourceTree = "<group>"; };
		2C416CBB29FD89A2008BE2A4 /* ContentView.swift */ = {isa = PBXFileReference; lastKnownFileType = sourcecode.swift; path = ContentView.swift; sourceTree = "<group>"; };
		2C416CBD29FD89A3008BE2A4 /* Assets.xcassets */ = {isa = PBXFileReference; lastKnownFileType = folder.assetcatalog; path = Assets.xcassets; sourceTree = "<group>"; };
		2C416CC029FD89A3008BE2A4 /* Preview Assets.xcassets */ = {isa = PBXFileReference; lastKnownFileType = folder.assetcatalog; path = "Preview Assets.xcassets"; sourceTree = "<group>"; };
		2C416CC729FDAD11008BE2A4 /* MapTestView.swift */ = {isa = PBXFileReference; lastKnownFileType = sourcecode.swift; path = MapTestView.swift; sourceTree = "<group>"; };
		2C416CC929FDB40F008BE2A4 /* TextToSpeechTestView.swift */ = {isa = PBXFileReference; lastKnownFileType = sourcecode.swift; path = TextToSpeechTestView.swift; sourceTree = "<group>"; };
		2C8A82E329FDD43600C33815 /* RouteView.swift */ = {isa = PBXFileReference; lastKnownFileType = sourcecode.swift; path = RouteView.swift; sourceTree = "<group>"; };
		2C8A82E529FDDB2800C33815 /* MainView.swift */ = {isa = PBXFileReference; lastKnownFileType = sourcecode.swift; path = MainView.swift; sourceTree = "<group>"; };
		2C8A82E829FDF52500C33815 /* TripsView.swift */ = {isa = PBXFileReference; lastKnownFileType = sourcecode.swift; path = TripsView.swift; sourceTree = "<group>"; };
		2C8A82EA29FE00A000C33815 /* TripDetailsView.swift */ = {isa = PBXFileReference; lastKnownFileType = sourcecode.swift; path = TripDetailsView.swift; sourceTree = "<group>"; };
		2C8A82ED29FE39CB00C33815 /* RouteAlertView.swift */ = {isa = PBXFileReference; lastKnownFileType = sourcecode.swift; path = RouteAlertView.swift; sourceTree = "<group>"; };
		2C8A82F229FE3A1500C33815 /* Route.swift */ = {isa = PBXFileReference; lastKnownFileType = sourcecode.swift; path = Route.swift; sourceTree = "<group>"; };
		2C8A82F429FE3C2000C33815 /* ManagerMainView.swift */ = {isa = PBXFileReference; lastKnownFileType = sourcecode.swift; path = ManagerMainView.swift; sourceTree = "<group>"; };
		2C8A82F729FE3DEC00C33815 /* RedButton.swift */ = {isa = PBXFileReference; lastKnownFileType = sourcecode.swift; path = RedButton.swift; sourceTree = "<group>"; };
		2C8A82FA29FE59CD00C33815 /* PrincipalConductor.swift */ = {isa = PBXFileReference; lastKnownFileType = sourcecode.swift; path = PrincipalConductor.swift; sourceTree = "<group>"; };
		2C8A82FC29FE59F500C33815 /* ProximaParada.swift */ = {isa = PBXFileReference; lastKnownFileType = sourcecode.swift; path = ProximaParada.swift; sourceTree = "<group>"; };
		2C8A82FE29FEB6D400C33815 /* LoginView.swift */ = {isa = PBXFileReference; lastKnownFileType = sourcecode.swift; path = LoginView.swift; sourceTree = "<group>"; };
		2C8A830229FEF4D900C33815 /* Network.swift */ = {isa = PBXFileReference; lastKnownFileType = sourcecode.swift; path = Network.swift; sourceTree = "<group>"; };
/* End PBXFileReference section */

/* Begin PBXFrameworksBuildPhase section */
		2C416CB329FD89A2008BE2A4 /* Frameworks */ = {
			isa = PBXFrameworksBuildPhase;
			buildActionMask = 2147483647;
			files = (
			);
			runOnlyForDeploymentPostprocessing = 0;
		};
/* End PBXFrameworksBuildPhase section */

/* Begin PBXGroup section */
		2C416CAD29FD89A2008BE2A4 = {
			isa = PBXGroup;
			children = (
				2C8A830229FEF4D900C33815 /* Network.swift */,
				2C416CC929FDB40F008BE2A4 /* TextToSpeechTestView.swift */,
				2C416CB829FD89A2008BE2A4 /* Hackathon-iOS-2023 */,
				2C416CB729FD89A2008BE2A4 /* Products */,
			);
			sourceTree = "<group>";
		};
		2C416CB729FD89A2008BE2A4 /* Products */ = {
			isa = PBXGroup;
			children = (
				2C416CB629FD89A2008BE2A4 /* Hackathon-iOS-2023.app */,
			);
			name = Products;
			sourceTree = "<group>";
		};
		2C416CB829FD89A2008BE2A4 /* Hackathon-iOS-2023 */ = {
			isa = PBXGroup;
			children = (
				2C8A82F929FE59B000C33815 /* Conductor */,
				2C8A82F629FE3DDC00C33815 /* Components */,
				2C8A82EF29FE39E000C33815 /* Model */,
				2C8A82EC29FE396400C33815 /* Manager */,
				2C8A82E729FDF26A00C33815 /* Passenger */,
				2C416CB929FD89A2008BE2A4 /* Hackathon_iOS_2023App.swift */,
				2C416CBB29FD89A2008BE2A4 /* ContentView.swift */,
				2C416CBD29FD89A3008BE2A4 /* Assets.xcassets */,
				2C416CBF29FD89A3008BE2A4 /* Preview Content */,
				2C8A82FE29FEB6D400C33815 /* LoginView.swift */,
			);
			path = "Hackathon-iOS-2023";
			sourceTree = "<group>";
		};
		2C416CBF29FD89A3008BE2A4 /* Preview Content */ = {
			isa = PBXGroup;
			children = (
				2C416CC029FD89A3008BE2A4 /* Preview Assets.xcassets */,
			);
			path = "Preview Content";
			sourceTree = "<group>";
		};
		2C8A82E729FDF26A00C33815 /* Passenger */ = {
			isa = PBXGroup;
			children = (
				2C416CC729FDAD11008BE2A4 /* MapTestView.swift */,
				2C8A82E329FDD43600C33815 /* RouteView.swift */,
				2C8A82E529FDDB2800C33815 /* MainView.swift */,
				2C8A82E829FDF52500C33815 /* TripsView.swift */,
				2C8A82EA29FE00A000C33815 /* TripDetailsView.swift */,
			);
			path = Passenger;
			sourceTree = "<group>";
		};
		2C8A82EC29FE396400C33815 /* Manager */ = {
			isa = PBXGroup;
			children = (
				2C8A82ED29FE39CB00C33815 /* RouteAlertView.swift */,
				2C8A82F429FE3C2000C33815 /* ManagerMainView.swift */,
			);
			path = Manager;
			sourceTree = "<group>";
		};
		2C8A82EF29FE39E000C33815 /* Model */ = {
			isa = PBXGroup;
			children = (
				2C8A82F229FE3A1500C33815 /* Route.swift */,
			);
			path = Model;
			sourceTree = "<group>";
		};
		2C8A82F629FE3DDC00C33815 /* Components */ = {
			isa = PBXGroup;
			children = (
				2C8A82F729FE3DEC00C33815 /* RedButton.swift */,
			);
			path = Components;
			sourceTree = "<group>";
		};
		2C8A82F929FE59B000C33815 /* Conductor */ = {
			isa = PBXGroup;
			children = (
				2C8A82FA29FE59CD00C33815 /* PrincipalConductor.swift */,
				2C8A82FC29FE59F500C33815 /* ProximaParada.swift */,
			);
			path = Conductor;
			sourceTree = "<group>";
		};
/* End PBXGroup section */

/* Begin PBXNativeTarget section */
		2C416CB529FD89A2008BE2A4 /* Hackathon-iOS-2023 */ = {
			isa = PBXNativeTarget;
			buildConfigurationList = 2C416CC429FD89A3008BE2A4 /* Build configuration list for PBXNativeTarget "Hackathon-iOS-2023" */;
			buildPhases = (
				2C416CB229FD89A2008BE2A4 /* Sources */,
				2C416CB329FD89A2008BE2A4 /* Frameworks */,
				2C416CB429FD89A2008BE2A4 /* Resources */,
			);
			buildRules = (
			);
			dependencies = (
			);
			name = "Hackathon-iOS-2023";
			productName = "Hackathon-iOS-2023";
			productReference = 2C416CB629FD89A2008BE2A4 /* Hackathon-iOS-2023.app */;
			productType = "com.apple.product-type.application";
		};
/* End PBXNativeTarget section */

/* Begin PBXProject section */
		2C416CAE29FD89A2008BE2A4 /* Project object */ = {
			isa = PBXProject;
			attributes = {
				BuildIndependentTargetsInParallel = 1;
				LastSwiftUpdateCheck = 1430;
				LastUpgradeCheck = 1430;
				TargetAttributes = {
					2C416CB529FD89A2008BE2A4 = {
						CreatedOnToolsVersion = 14.3;
					};
				};
			};
			buildConfigurationList = 2C416CB129FD89A2008BE2A4 /* Build configuration list for PBXProject "Hackathon-iOS-2023" */;
			compatibilityVersion = "Xcode 14.0";
			developmentRegion = en;
			hasScannedForEncodings = 0;
			knownRegions = (
				en,
				Base,
			);
			mainGroup = 2C416CAD29FD89A2008BE2A4;
			productRefGroup = 2C416CB729FD89A2008BE2A4 /* Products */;
			projectDirPath = "";
			projectRoot = "";
			targets = (
				2C416CB529FD89A2008BE2A4 /* Hackathon-iOS-2023 */,
			);
		};
/* End PBXProject section */

/* Begin PBXResourcesBuildPhase section */
		2C416CB429FD89A2008BE2A4 /* Resources */ = {
			isa = PBXResourcesBuildPhase;
			buildActionMask = 2147483647;
			files = (
				2C416CC129FD89A3008BE2A4 /* Preview Assets.xcassets in Resources */,
				2C416CBE29FD89A3008BE2A4 /* Assets.xcassets in Resources */,
			);
			runOnlyForDeploymentPostprocessing = 0;
		};
/* End PBXResourcesBuildPhase section */

/* Begin PBXSourcesBuildPhase section */
		2C416CB229FD89A2008BE2A4 /* Sources */ = {
			isa = PBXSourcesBuildPhase;
			buildActionMask = 2147483647;
			files = (
				2C8A82EB29FE00A000C33815 /* TripDetailsView.swift in Sources */,
				2C8A82E929FDF52500C33815 /* TripsView.swift in Sources */,
				2C8A830329FEF4D900C33815 /* Network.swift in Sources */,
				2C416CCA29FDB40F008BE2A4 /* TextToSpeechTestView.swift in Sources */,
				2C8A82FF29FEB6D400C33815 /* LoginView.swift in Sources */,
				2C8A82F329FE3A1500C33815 /* Route.swift in Sources */,
				2C8A82E629FDDB2800C33815 /* MainView.swift in Sources */,
				2C8A82F829FE3DEC00C33815 /* RedButton.swift in Sources */,
				2C8A82E429FDD43600C33815 /* RouteView.swift in Sources */,
				2C8A82FB29FE59CD00C33815 /* PrincipalConductor.swift in Sources */,
				2C8A82F529FE3C2000C33815 /* ManagerMainView.swift in Sources */,
				2C416CBC29FD89A2008BE2A4 /* ContentView.swift in Sources */,
				2C416CBA29FD89A2008BE2A4 /* Hackathon_iOS_2023App.swift in Sources */,
				2C416CC829FDAD11008BE2A4 /* MapTestView.swift in Sources */,
				2C8A82EE29FE39CB00C33815 /* RouteAlertView.swift in Sources */,
				2C8A82FD29FE59F500C33815 /* ProximaParada.swift in Sources */,
			);
			runOnlyForDeploymentPostprocessing = 0;
		};
/* End PBXSourcesBuildPhase section */

/* Begin XCBuildConfiguration section */
		2C416CC229FD89A3008BE2A4 /* Debug */ = {
			isa = XCBuildConfiguration;
			buildSettings = {
				ALWAYS_SEARCH_USER_PATHS = NO;
				CLANG_ANALYZER_NONNULL = YES;
				CLANG_ANALYZER_NUMBER_OBJECT_CONVERSION = YES_AGGRESSIVE;
				CLANG_CXX_LANGUAGE_STANDARD = "gnu++20";
				CLANG_ENABLE_MODULES = YES;
				CLANG_ENABLE_OBJC_ARC = YES;
				CLANG_ENABLE_OBJC_WEAK = YES;
				CLANG_WARN_BLOCK_CAPTURE_AUTORELEASING = YES;
				CLANG_WARN_BOOL_CONVERSION = YES;
				CLANG_WARN_COMMA = YES;
				CLANG_WARN_CONSTANT_CONVERSION = YES;
				CLANG_WARN_DEPRECATED_OBJC_IMPLEMENTATIONS = YES;
				CLANG_WARN_DIRECT_OBJC_ISA_USAGE = YES_ERROR;
				CLANG_WARN_DOCUMENTATION_COMMENTS = YES;
				CLANG_WARN_EMPTY_BODY = YES;
				CLANG_WARN_ENUM_CONVERSION = YES;
				CLANG_WARN_INFINITE_RECURSION = YES;
				CLANG_WARN_INT_CONVERSION = YES;
				CLANG_WARN_NON_LITERAL_NULL_CONVERSION = YES;
				CLANG_WARN_OBJC_IMPLICIT_RETAIN_SELF = YES;
				CLANG_WARN_OBJC_LITERAL_CONVERSION = YES;
				CLANG_WARN_OBJC_ROOT_CLASS = YES_ERROR;
				CLANG_WARN_QUOTED_INCLUDE_IN_FRAMEWORK_HEADER = YES;
				CLANG_WARN_RANGE_LOOP_ANALYSIS = YES;
				CLANG_WARN_STRICT_PROTOTYPES = YES;
				CLANG_WARN_SUSPICIOUS_MOVE = YES;
				CLANG_WARN_UNGUARDED_AVAILABILITY = YES_AGGRESSIVE;
				CLANG_WARN_UNREACHABLE_CODE = YES;
				CLANG_WARN__DUPLICATE_METHOD_MATCH = YES;
				COPY_PHASE_STRIP = NO;
				DEBUG_INFORMATION_FORMAT = dwarf;
				ENABLE_STRICT_OBJC_MSGSEND = YES;
				ENABLE_TESTABILITY = YES;
				GCC_C_LANGUAGE_STANDARD = gnu11;
				GCC_DYNAMIC_NO_PIC = NO;
				GCC_NO_COMMON_BLOCKS = YES;
				GCC_OPTIMIZATION_LEVEL = 0;
				GCC_PREPROCESSOR_DEFINITIONS = (
					"DEBUG=1",
					"$(inherited)",
				);
				GCC_WARN_64_TO_32_BIT_CONVERSION = YES;
				GCC_WARN_ABOUT_RETURN_TYPE = YES_ERROR;
				GCC_WARN_UNDECLARED_SELECTOR = YES;
				GCC_WARN_UNINITIALIZED_AUTOS = YES_AGGRESSIVE;
				GCC_WARN_UNUSED_FUNCTION = YES;
				GCC_WARN_UNUSED_VARIABLE = YES;
				IPHONEOS_DEPLOYMENT_TARGET = 16.4;
				MTL_ENABLE_DEBUG_INFO = INCLUDE_SOURCE;
				MTL_FAST_MATH = YES;
				ONLY_ACTIVE_ARCH = YES;
				SDKROOT = iphoneos;
				SWIFT_ACTIVE_COMPILATION_CONDITIONS = DEBUG;
				SWIFT_OPTIMIZATION_LEVEL = "-Onone";
			};
			name = Debug;
		};
		2C416CC329FD89A3008BE2A4 /* Release */ = {
			isa = XCBuildConfiguration;
			buildSettings = {
				ALWAYS_SEARCH_USER_PATHS = NO;
				CLANG_ANALYZER_NONNULL = YES;
				CLANG_ANALYZER_NUMBER_OBJECT_CONVERSION = YES_AGGRESSIVE;
				CLANG_CXX_LANGUAGE_STANDARD = "gnu++20";
				CLANG_ENABLE_MODULES = YES;
				CLANG_ENABLE_OBJC_ARC = YES;
				CLANG_ENABLE_OBJC_WEAK = YES;
				CLANG_WARN_BLOCK_CAPTURE_AUTORELEASING = YES;
				CLANG_WARN_BOOL_CONVERSION = YES;
				CLANG_WARN_COMMA = YES;
				CLANG_WARN_CONSTANT_CONVERSION = YES;
				CLANG_WARN_DEPRECATED_OBJC_IMPLEMENTATIONS = YES;
				CLANG_WARN_DIRECT_OBJC_ISA_USAGE = YES_ERROR;
				CLANG_WARN_DOCUMENTATION_COMMENTS = YES;
				CLANG_WARN_EMPTY_BODY = YES;
				CLANG_WARN_ENUM_CONVERSION = YES;
				CLANG_WARN_INFINITE_RECURSION = YES;
				CLANG_WARN_INT_CONVERSION = YES;
				CLANG_WARN_NON_LITERAL_NULL_CONVERSION = YES;
				CLANG_WARN_OBJC_IMPLICIT_RETAIN_SELF = YES;
				CLANG_WARN_OBJC_LITERAL_CONVERSION = YES;
				CLANG_WARN_OBJC_ROOT_CLASS = YES_ERROR;
				CLANG_WARN_QUOTED_INCLUDE_IN_FRAMEWORK_HEADER = YES;
				CLANG_WARN_RANGE_LOOP_ANALYSIS = YES;
				CLANG_WARN_STRICT_PROTOTYPES = YES;
				CLANG_WARN_SUSPICIOUS_MOVE = YES;
				CLANG_WARN_UNGUARDED_AVAILABILITY = YES_AGGRESSIVE;
				CLANG_WARN_UNREACHABLE_CODE = YES;
				CLANG_WARN__DUPLICATE_METHOD_MATCH = YES;
				COPY_PHASE_STRIP = NO;
				DEBUG_INFORMATION_FORMAT = "dwarf-with-dsym";
				ENABLE_NS_ASSERTIONS = NO;
				ENABLE_STRICT_OBJC_MSGSEND = YES;
				GCC_C_LANGUAGE_STANDARD = gnu11;
				GCC_NO_COMMON_BLOCKS = YES;
				GCC_WARN_64_TO_32_BIT_CONVERSION = YES;
				GCC_WARN_ABOUT_RETURN_TYPE = YES_ERROR;
				GCC_WARN_UNDECLARED_SELECTOR = YES;
				GCC_WARN_UNINITIALIZED_AUTOS = YES_AGGRESSIVE;
				GCC_WARN_UNUSED_FUNCTION = YES;
				GCC_WARN_UNUSED_VARIABLE = YES;
				IPHONEOS_DEPLOYMENT_TARGET = 16.4;
				MTL_ENABLE_DEBUG_INFO = NO;
				MTL_FAST_MATH = YES;
				SDKROOT = iphoneos;
				SWIFT_COMPILATION_MODE = wholemodule;
				SWIFT_OPTIMIZATION_LEVEL = "-O";
				VALIDATE_PRODUCT = YES;
			};
			name = Release;
		};
		2C416CC529FD89A3008BE2A4 /* Debug */ = {
			isa = XCBuildConfiguration;
			buildSettings = {
				ASSETCATALOG_COMPILER_APPICON_NAME = AppIcon;
				ASSETCATALOG_COMPILER_GLOBAL_ACCENT_COLOR_NAME = AccentColor;
				CODE_SIGN_STYLE = Automatic;
				CURRENT_PROJECT_VERSION = 1;
				DEVELOPMENT_ASSET_PATHS = "\"Hackathon-iOS-2023/Preview Content\"";
				ENABLE_PREVIEWS = YES;
				GENERATE_INFOPLIST_FILE = YES;
				INFOPLIST_KEY_NSLocationAlwaysAndWhenInUseUsageDescription = "Necesitamos su localización para el funcionamiento de la aplicación";
				INFOPLIST_KEY_NSLocationWhenInUseUsageDescription = "Necesitamos su localización para el funcionamiento de la aplicación";
				INFOPLIST_KEY_UIApplicationSceneManifest_Generation = YES;
				INFOPLIST_KEY_UIApplicationSupportsIndirectInputEvents = YES;
				INFOPLIST_KEY_UILaunchScreen_Generation = YES;
				INFOPLIST_KEY_UISupportedInterfaceOrientations_iPad = "UIInterfaceOrientationPortrait UIInterfaceOrientationPortraitUpsideDown UIInterfaceOrientationLandscapeLeft UIInterfaceOrientationLandscapeRight";
				LD_RUNPATH_SEARCH_PATHS = (
					"$(inherited)",
					"@executable_path/Frameworks",
				);
				MARKETING_VERSION = 1.0;
				PRODUCT_BUNDLE_IDENTIFIER = "com.tofu.Hackathon-iOS-2023";
				PRODUCT_NAME = "$(TARGET_NAME)";
				SWIFT_EMIT_LOC_STRINGS = YES;
				SWIFT_VERSION = 5.0;
				TARGETED_DEVICE_FAMILY = "1,2";
			};
			name = Debug;
		};
		2C416CC629FD89A3008BE2A4 /* Release */ = {
			isa = XCBuildConfiguration;
			buildSettings = {
				ASSETCATALOG_COMPILER_APPICON_NAME = AppIcon;
				ASSETCATALOG_COMPILER_GLOBAL_ACCENT_COLOR_NAME = AccentColor;
				CODE_SIGN_STYLE = Automatic;
				CURRENT_PROJECT_VERSION = 1;
				DEVELOPMENT_ASSET_PATHS = "\"Hackathon-iOS-2023/Preview Content\"";
				ENABLE_PREVIEWS = YES;
				GENERATE_INFOPLIST_FILE = YES;
				INFOPLIST_KEY_NSLocationAlwaysAndWhenInUseUsageDescription = "Necesitamos su localización para el funcionamiento de la aplicación";
				INFOPLIST_KEY_NSLocationWhenInUseUsageDescription = "Necesitamos su localización para el funcionamiento de la aplicación";
				INFOPLIST_KEY_UIApplicationSceneManifest_Generation = YES;
				INFOPLIST_KEY_UIApplicationSupportsIndirectInputEvents = YES;
				INFOPLIST_KEY_UILaunchScreen_Generation = YES;
				INFOPLIST_KEY_UISupportedInterfaceOrientations_iPad = "UIInterfaceOrientationPortrait UIInterfaceOrientationPortraitUpsideDown UIInterfaceOrientationLandscapeLeft UIInterfaceOrientationLandscapeRight";
				LD_RUNPATH_SEARCH_PATHS = (
					"$(inherited)",
					"@executable_path/Frameworks",
				);
				MARKETING_VERSION = 1.0;
				PRODUCT_BUNDLE_IDENTIFIER = "com.tofu.Hackathon-iOS-2023";
				PRODUCT_NAME = "$(TARGET_NAME)";
				SWIFT_EMIT_LOC_STRINGS = YES;
				SWIFT_VERSION = 5.0;
				TARGETED_DEVICE_FAMILY = "1,2";
			};
			name = Release;
		};
/* End XCBuildConfiguration section */

/* Begin XCConfigurationList section */
		2C416CB129FD89A2008BE2A4 /* Build configuration list for PBXProject "Hackathon-iOS-2023" */ = {
			isa = XCConfigurationList;
			buildConfigurations = (
				2C416CC229FD89A3008BE2A4 /* Debug */,
				2C416CC329FD89A3008BE2A4 /* Release */,
			);
			defaultConfigurationIsVisible = 0;
			defaultConfigurationName = Release;
		};
		2C416CC429FD89A3008BE2A4 /* Build configuration list for PBXNativeTarget "Hackathon-iOS-2023" */ = {
			isa = XCConfigurationList;
			buildConfigurations = (
				2C416CC529FD89A3008BE2A4 /* Debug */,
				2C416CC629FD89A3008BE2A4 /* Release */,
			);
			defaultConfigurationIsVisible = 0;
			defaultConfigurationName = Release;
		};
/* End XCConfigurationList section */
	};
	rootObject = 2C416CAE29FD89A2008BE2A4 /* Project object */;
}
